// !$*UTF8*$!
{
	archiveVersion = 1;
	classes = {
	};
	objectVersion = 55;
	objects = {

/* Begin PBXBuildFile section */
		FA8A56AE28078131001F8020 /* ClockApp.swift in Sources */ = {isa = PBXBuildFile; fileRef = FA8A56AD28078131001F8020 /* ClockApp.swift */; };
		FA8A56B028078131001F8020 /* ContentView.swift in Sources */ = {isa = PBXBuildFile; fileRef = FA8A56AF28078131001F8020 /* ContentView.swift */; };
		FA8A56B228078133001F8020 /* Assets.xcassets in Resources */ = {isa = PBXBuildFile; fileRef = FA8A56B128078133001F8020 /* Assets.xcassets */; };
		FA8A56B528078133001F8020 /* Preview Assets.xcassets in Resources */ = {isa = PBXBuildFile; fileRef = FA8A56B428078133001F8020 /* Preview Assets.xcassets */; };
		FA8A56CD280782CB001F8020 /* Helper.swift in Sources */ = {isa = PBXBuildFile; fileRef = FA8A56CC280782CB001F8020 /* Helper.swift */; };
		FA8A56D72807837B001F8020 /* WorldClockView.swift in Sources */ = {isa = PBXBuildFile; fileRef = FA8A56D62807837B001F8020 /* WorldClockView.swift */; };
		FA8A56D928078390001F8020 /* AlarmView.swift in Sources */ = {isa = PBXBuildFile; fileRef = FA8A56D828078390001F8020 /* AlarmView.swift */; };
		FA8A56DB280783AA001F8020 /* StopWatchView.swift in Sources */ = {isa = PBXBuildFile; fileRef = FA8A56DA280783AA001F8020 /* StopWatchView.swift */; };
		FA8A56DF28078422001F8020 /* TimerVC.swift in Sources */ = {isa = PBXBuildFile; fileRef = FA8A56DE28078422001F8020 /* TimerVC.swift */; };
		FA8A56E12807844A001F8020 /* TimerVM.swift in Sources */ = {isa = PBXBuildFile; fileRef = FA8A56E02807844A001F8020 /* TimerVM.swift */; };
		FA8A56E328078539001F8020 /* TimeStruct.swift in Sources */ = {isa = PBXBuildFile; fileRef = FA8A56E228078539001F8020 /* TimeStruct.swift */; };
		FA8A56E828078587001F8020 /* ProgressBar.swift in Sources */ = {isa = PBXBuildFile; fileRef = FA8A56E728078587001F8020 /* ProgressBar.swift */; };
		FA8A56EA280785B4001F8020 /* TimerButton.swift in Sources */ = {isa = PBXBuildFile; fileRef = FA8A56E9280785B4001F8020 /* TimerButton.swift */; };
		FA8A56EC280785CC001F8020 /* TimerVMDelegate.swift in Sources */ = {isa = PBXBuildFile; fileRef = FA8A56EB280785CC001F8020 /* TimerVMDelegate.swift */; };
		FA8A56F728078664001F8020 /* TimerView.swift in Sources */ = {isa = PBXBuildFile; fileRef = FA8A56F628078664001F8020 /* TimerView.swift */; };
		FA8A56F928078811001F8020 /* TimerState.swift in Sources */ = {isa = PBXBuildFile; fileRef = FA8A56F828078811001F8020 /* TimerState.swift */; };
		FA8A56FB2807951A001F8020 /* PickerView.swift in Sources */ = {isa = PBXBuildFile; fileRef = FA8A56FA2807951A001F8020 /* PickerView.swift */; };
/* End PBXBuildFile section */

/* Begin PBXFileReference section */
		FA8A56AA28078131001F8020 /* Clock.app */ = {isa = PBXFileReference; explicitFileType = wrapper.application; includeInIndex = 0; path = Clock.app; sourceTree = BUILT_PRODUCTS_DIR; };
		FA8A56AD28078131001F8020 /* ClockApp.swift */ = {isa = PBXFileReference; lastKnownFileType = sourcecode.swift; path = ClockApp.swift; sourceTree = "<group>"; };
		FA8A56AF28078131001F8020 /* ContentView.swift */ = {isa = PBXFileReference; lastKnownFileType = sourcecode.swift; path = ContentView.swift; sourceTree = "<group>"; };
		FA8A56B128078133001F8020 /* Assets.xcassets */ = {isa = PBXFileReference; lastKnownFileType = folder.assetcatalog; path = Assets.xcassets; sourceTree = "<group>"; };
		FA8A56B428078133001F8020 /* Preview Assets.xcassets */ = {isa = PBXFileReference; lastKnownFileType = folder.assetcatalog; path = "Preview Assets.xcassets"; sourceTree = "<group>"; };
		FA8A56CC280782CB001F8020 /* Helper.swift */ = {isa = PBXFileReference; lastKnownFileType = sourcecode.swift; path = Helper.swift; sourceTree = "<group>"; };
		FA8A56D62807837B001F8020 /* WorldClockView.swift */ = {isa = PBXFileReference; lastKnownFileType = sourcecode.swift; path = WorldClockView.swift; sourceTree = "<group>"; };
		FA8A56D828078390001F8020 /* AlarmView.swift */ = {isa = PBXFileReference; lastKnownFileType = sourcecode.swift; path = AlarmView.swift; sourceTree = "<group>"; };
		FA8A56DA280783AA001F8020 /* StopWatchView.swift */ = {isa = PBXFileReference; lastKnownFileType = sourcecode.swift; path = StopWatchView.swift; sourceTree = "<group>"; };
		FA8A56DE28078422001F8020 /* TimerVC.swift */ = {isa = PBXFileReference; lastKnownFileType = sourcecode.swift; path = TimerVC.swift; sourceTree = "<group>"; };
		FA8A56E02807844A001F8020 /* TimerVM.swift */ = {isa = PBXFileReference; lastKnownFileType = sourcecode.swift; path = TimerVM.swift; sourceTree = "<group>"; };
		FA8A56E228078539001F8020 /* TimeStruct.swift */ = {isa = PBXFileReference; lastKnownFileType = sourcecode.swift; path = TimeStruct.swift; sourceTree = "<group>"; };
		FA8A56E728078587001F8020 /* ProgressBar.swift */ = {isa = PBXFileReference; lastKnownFileType = sourcecode.swift; path = ProgressBar.swift; sourceTree = "<group>"; };
		FA8A56E9280785B4001F8020 /* TimerButton.swift */ = {isa = PBXFileReference; lastKnownFileType = sourcecode.swift; path = TimerButton.swift; sourceTree = "<group>"; };
		FA8A56EB280785CC001F8020 /* TimerVMDelegate.swift */ = {isa = PBXFileReference; lastKnownFileType = sourcecode.swift; path = TimerVMDelegate.swift; sourceTree = "<group>"; };
		FA8A56F628078664001F8020 /* TimerView.swift */ = {isa = PBXFileReference; lastKnownFileType = sourcecode.swift; path = TimerView.swift; sourceTree = "<group>"; };
		FA8A56F828078811001F8020 /* TimerState.swift */ = {isa = PBXFileReference; lastKnownFileType = sourcecode.swift; path = TimerState.swift; sourceTree = "<group>"; };
		FA8A56FA2807951A001F8020 /* PickerView.swift */ = {isa = PBXFileReference; lastKnownFileType = sourcecode.swift; path = PickerView.swift; sourceTree = "<group>"; };
/* End PBXFileReference section */

/* Begin PBXFrameworksBuildPhase section */
		FA8A56A728078131001F8020 /* Frameworks */ = {
			isa = PBXFrameworksBuildPhase;
			buildActionMask = 2147483647;
			files = (
			);
			runOnlyForDeploymentPostprocessing = 0;
		};
/* End PBXFrameworksBuildPhase section */

/* Begin PBXGroup section */
		FA8A56A128078131001F8020 = {
			isa = PBXGroup;
			children = (
				FA8A56AC28078131001F8020 /* Clock */,
				FA8A56AB28078131001F8020 /* Products */,
			);
			sourceTree = "<group>";
		};
		FA8A56AB28078131001F8020 /* Products */ = {
			isa = PBXGroup;
			children = (
				FA8A56AA28078131001F8020 /* Clock.app */,
			);
			name = Products;
			sourceTree = "<group>";
		};
		FA8A56AC28078131001F8020 /* Clock */ = {
			isa = PBXGroup;
			children = (
				FA8A56BC28078176001F8020 /* Alert */,
				FA8A56BE28078189001F8020 /* Utility */,
				FA8A56BD28078180001F8020 /* Extensions */,
				FA8A56C1280781AB001F8020 /* ViewControllers */,
				FA8A56BF28078192001F8020 /* Models */,
				FA8A56C028078197001F8020 /* Views */,
				FA8A56AD28078131001F8020 /* ClockApp.swift */,
				FA8A56AF28078131001F8020 /* ContentView.swift */,
				FA8A56B128078133001F8020 /* Assets.xcassets */,
				FA8A56B328078133001F8020 /* Preview Content */,
			);
			path = Clock;
			sourceTree = "<group>";
		};
		FA8A56B328078133001F8020 /* Preview Content */ = {
			isa = PBXGroup;
			children = (
				FA8A56B428078133001F8020 /* Preview Assets.xcassets */,
			);
			path = "Preview Content";
			sourceTree = "<group>";
		};
		FA8A56BC28078176001F8020 /* Alert */ = {
			isa = PBXGroup;
			children = (
			);
			path = Alert;
			sourceTree = "<group>";
		};
		FA8A56BD28078180001F8020 /* Extensions */ = {
			isa = PBXGroup;
			children = (
				FA8A56CC280782CB001F8020 /* Helper.swift */,
			);
			path = Extensions;
			sourceTree = "<group>";
		};
		FA8A56BE28078189001F8020 /* Utility */ = {
			isa = PBXGroup;
			children = (
			);
			path = Utility;
			sourceTree = "<group>";
		};
		FA8A56BF28078192001F8020 /* Models */ = {
			isa = PBXGroup;
			children = (
				FA8A56DC280783CD001F8020 /* Timer */,
			);
			path = Models;
			sourceTree = "<group>";
		};
		FA8A56C028078197001F8020 /* Views */ = {
			isa = PBXGroup;
			children = (
				FA8A56D228078325001F8020 /* WorldClock */,
				FA8A56D32807832A001F8020 /* Alarm */,
				FA8A56D428078336001F8020 /* StopWatch */,
				FA8A56D528078358001F8020 /* Timer */,
			);
			path = Views;
			sourceTree = "<group>";
		};
		FA8A56C1280781AB001F8020 /* ViewControllers */ = {
			isa = PBXGroup;
			children = (
				FA8A56DD280783D2001F8020 /* Timer */,
			);
			path = ViewControllers;
			sourceTree = "<group>";
		};
		FA8A56D228078325001F8020 /* WorldClock */ = {
			isa = PBXGroup;
			children = (
				FA8A56D62807837B001F8020 /* WorldClockView.swift */,
			);
			path = WorldClock;
			sourceTree = "<group>";
		};
		FA8A56D32807832A001F8020 /* Alarm */ = {
			isa = PBXGroup;
			children = (
				FA8A56D828078390001F8020 /* AlarmView.swift */,
			);
			path = Alarm;
			sourceTree = "<group>";
		};
		FA8A56D428078336001F8020 /* StopWatch */ = {
			isa = PBXGroup;
			children = (
				FA8A56DA280783AA001F8020 /* StopWatchView.swift */,
			);
			path = StopWatch;
			sourceTree = "<group>";
		};
		FA8A56D528078358001F8020 /* Timer */ = {
			isa = PBXGroup;
			children = (
				FA8A56E42807855A001F8020 /* Components */,
				FA8A56F628078664001F8020 /* TimerView.swift */,
			);
			path = Timer;
			sourceTree = "<group>";
		};
		FA8A56DC280783CD001F8020 /* Timer */ = {
			isa = PBXGroup;
			children = (
				FA8A56E02807844A001F8020 /* TimerVM.swift */,
				FA8A56E228078539001F8020 /* TimeStruct.swift */,
				FA8A56EB280785CC001F8020 /* TimerVMDelegate.swift */,
			);
			path = Timer;
			sourceTree = "<group>";
		};
		FA8A56DD280783D2001F8020 /* Timer */ = {
			isa = PBXGroup;
			children = (
				FA8A56DE28078422001F8020 /* TimerVC.swift */,
				FA8A56F828078811001F8020 /* TimerState.swift */,
			);
			path = Timer;
			sourceTree = "<group>";
		};
		FA8A56E42807855A001F8020 /* Components */ = {
			isa = PBXGroup;
			children = (
				FA8A56E728078587001F8020 /* ProgressBar.swift */,
				FA8A56E9280785B4001F8020 /* TimerButton.swift */,
				FA8A56FA2807951A001F8020 /* PickerView.swift */,
			);
			path = Components;
			sourceTree = "<group>";
		};
/* End PBXGroup section */

/* Begin PBXNativeTarget section */
		FA8A56A928078131001F8020 /* Clock */ = {
			isa = PBXNativeTarget;
			buildConfigurationList = FA8A56B828078133001F8020 /* Build configuration list for PBXNativeTarget "Clock" */;
			buildPhases = (
				FA8A56A628078131001F8020 /* Sources */,
				FA8A56A728078131001F8020 /* Frameworks */,
				FA8A56A828078131001F8020 /* Resources */,
			);
			buildRules = (
			);
			dependencies = (
			);
			name = Clock;
			productName = Clock;
			productReference = FA8A56AA28078131001F8020 /* Clock.app */;
			productType = "com.apple.product-type.application";
		};
/* End PBXNativeTarget section */

/* Begin PBXProject section */
		FA8A56A228078131001F8020 /* Project object */ = {
			isa = PBXProject;
			attributes = {
				BuildIndependentTargetsInParallel = 1;
				LastSwiftUpdateCheck = 1330;
				LastUpgradeCheck = 1330;
				TargetAttributes = {
					FA8A56A928078131001F8020 = {
						CreatedOnToolsVersion = 13.3;
					};
				};
			};
			buildConfigurationList = FA8A56A528078131001F8020 /* Build configuration list for PBXProject "Clock" */;
			compatibilityVersion = "Xcode 13.0";
			developmentRegion = en;
			hasScannedForEncodings = 0;
			knownRegions = (
				en,
				Base,
			);
			mainGroup = FA8A56A128078131001F8020;
			productRefGroup = FA8A56AB28078131001F8020 /* Products */;
			projectDirPath = "";
			projectRoot = "";
			targets = (
				FA8A56A928078131001F8020 /* Clock */,
			);
		};
/* End PBXProject section */

/* Begin PBXResourcesBuildPhase section */
		FA8A56A828078131001F8020 /* Resources */ = {
			isa = PBXResourcesBuildPhase;
			buildActionMask = 2147483647;
			files = (
				FA8A56B528078133001F8020 /* Preview Assets.xcassets in Resources */,
				FA8A56B228078133001F8020 /* Assets.xcassets in Resources */,
			);
			runOnlyForDeploymentPostprocessing = 0;
		};
/* End PBXResourcesBuildPhase section */

/* Begin PBXSourcesBuildPhase section */
		FA8A56A628078131001F8020 /* Sources */ = {
			isa = PBXSourcesBuildPhase;
			buildActionMask = 2147483647;
			files = (
				FA8A56DF28078422001F8020 /* TimerVC.swift in Sources */,
				FA8A56E12807844A001F8020 /* TimerVM.swift in Sources */,
				FA8A56DB280783AA001F8020 /* StopWatchView.swift in Sources */,
				FA8A56F928078811001F8020 /* TimerState.swift in Sources */,
				FA8A56E828078587001F8020 /* ProgressBar.swift in Sources */,
				FA8A56D72807837B001F8020 /* WorldClockView.swift in Sources */,
				FA8A56B028078131001F8020 /* ContentView.swift in Sources */,
				FA8A56F728078664001F8020 /* TimerView.swift in Sources */,
				FA8A56CD280782CB001F8020 /* Helper.swift in Sources */,
				FA8A56AE28078131001F8020 /* ClockApp.swift in Sources */,
				FA8A56EC280785CC001F8020 /* TimerVMDelegate.swift in Sources */,
				FA8A56FB2807951A001F8020 /* PickerView.swift in Sources */,
				FA8A56D928078390001F8020 /* AlarmView.swift in Sources */,
				FA8A56EA280785B4001F8020 /* TimerButton.swift in Sources */,
				FA8A56E328078539001F8020 /* TimeStruct.swift in Sources */,
			);
			runOnlyForDeploymentPostprocessing = 0;
		};
/* End PBXSourcesBuildPhase section */

/* Begin XCBuildConfiguration section */
		FA8A56B628078133001F8020 /* Debug */ = {
			isa = XCBuildConfiguration;
			buildSettings = {
				ALWAYS_SEARCH_USER_PATHS = NO;
				CLANG_ANALYZER_NONNULL = YES;
				CLANG_ANALYZER_NUMBER_OBJECT_CONVERSION = YES_AGGRESSIVE;
				CLANG_CXX_LANGUAGE_STANDARD = "gnu++17";
				CLANG_ENABLE_MODULES = YES;
				CLANG_ENABLE_OBJC_ARC = YES;
				CLANG_ENABLE_OBJC_WEAK = YES;
				CLANG_WARN_BLOCK_CAPTURE_AUTORELEASING = YES;
				CLANG_WARN_BOOL_CONVERSION = YES;
				CLANG_WARN_COMMA = YES;
				CLANG_WARN_CONSTANT_CONVERSION = YES;
				CLANG_WARN_DEPRECATED_OBJC_IMPLEMENTATIONS = YES;
				CLANG_WARN_DIRECT_OBJC_ISA_USAGE = YES_ERROR;
				CLANG_WARN_DOCUMENTATION_COMMENTS = YES;
				CLANG_WARN_EMPTY_BODY = YES;
				CLANG_WARN_ENUM_CONVERSION = YES;
				CLANG_WARN_INFINITE_RECURSION = YES;
				CLANG_WARN_INT_CONVERSION = YES;
				CLANG_WARN_NON_LITERAL_NULL_CONVERSION = YES;
				CLANG_WARN_OBJC_IMPLICIT_RETAIN_SELF = YES;
				CLANG_WARN_OBJC_LITERAL_CONVERSION = YES;
				CLANG_WARN_OBJC_ROOT_CLASS = YES_ERROR;
				CLANG_WARN_QUOTED_INCLUDE_IN_FRAMEWORK_HEADER = YES;
				CLANG_WARN_RANGE_LOOP_ANALYSIS = YES;
				CLANG_WARN_STRICT_PROTOTYPES = YES;
				CLANG_WARN_SUSPICIOUS_MOVE = YES;
				CLANG_WARN_UNGUARDED_AVAILABILITY = YES_AGGRESSIVE;
				CLANG_WARN_UNREACHABLE_CODE = YES;
				CLANG_WARN__DUPLICATE_METHOD_MATCH = YES;
				COPY_PHASE_STRIP = NO;
				DEBUG_INFORMATION_FORMAT = dwarf;
				ENABLE_STRICT_OBJC_MSGSEND = YES;
				ENABLE_TESTABILITY = YES;
				GCC_C_LANGUAGE_STANDARD = gnu11;
				GCC_DYNAMIC_NO_PIC = NO;
				GCC_NO_COMMON_BLOCKS = YES;
				GCC_OPTIMIZATION_LEVEL = 0;
				GCC_PREPROCESSOR_DEFINITIONS = (
					"DEBUG=1",
					"$(inherited)",
				);
				GCC_WARN_64_TO_32_BIT_CONVERSION = YES;
				GCC_WARN_ABOUT_RETURN_TYPE = YES_ERROR;
				GCC_WARN_UNDECLARED_SELECTOR = YES;
				GCC_WARN_UNINITIALIZED_AUTOS = YES_AGGRESSIVE;
				GCC_WARN_UNUSED_FUNCTION = YES;
				GCC_WARN_UNUSED_VARIABLE = YES;
				IPHONEOS_DEPLOYMENT_TARGET = 15.4;
				MTL_ENABLE_DEBUG_INFO = INCLUDE_SOURCE;
				MTL_FAST_MATH = YES;
				ONLY_ACTIVE_ARCH = YES;
				SDKROOT = iphoneos;
				SWIFT_ACTIVE_COMPILATION_CONDITIONS = DEBUG;
				SWIFT_OPTIMIZATION_LEVEL = "-Onone";
			};
			name = Debug;
		};
		FA8A56B728078133001F8020 /* Release */ = {
			isa = XCBuildConfiguration;
			buildSettings = {
				ALWAYS_SEARCH_USER_PATHS = NO;
				CLANG_ANALYZER_NONNULL = YES;
				CLANG_ANALYZER_NUMBER_OBJECT_CONVERSION = YES_AGGRESSIVE;
				CLANG_CXX_LANGUAGE_STANDARD = "gnu++17";
				CLANG_ENABLE_MODULES = YES;
				CLANG_ENABLE_OBJC_ARC = YES;
				CLANG_ENABLE_OBJC_WEAK = YES;
				CLANG_WARN_BLOCK_CAPTURE_AUTORELEASING = YES;
				CLANG_WARN_BOOL_CONVERSION = YES;
				CLANG_WARN_COMMA = YES;
				CLANG_WARN_CONSTANT_CONVERSION = YES;
				CLANG_WARN_DEPRECATED_OBJC_IMPLEMENTATIONS = YES;
				CLANG_WARN_DIRECT_OBJC_ISA_USAGE = YES_ERROR;
				CLANG_WARN_DOCUMENTATION_COMMENTS = YES;
				CLANG_WARN_EMPTY_BODY = YES;
				CLANG_WARN_ENUM_CONVERSION = YES;
				CLANG_WARN_INFINITE_RECURSION = YES;
				CLANG_WARN_INT_CONVERSION = YES;
				CLANG_WARN_NON_LITERAL_NULL_CONVERSION = YES;
				CLANG_WARN_OBJC_IMPLICIT_RETAIN_SELF = YES;
				CLANG_WARN_OBJC_LITERAL_CONVERSION = YES;
				CLANG_WARN_OBJC_ROOT_CLASS = YES_ERROR;
				CLANG_WARN_QUOTED_INCLUDE_IN_FRAMEWORK_HEADER = YES;
				CLANG_WARN_RANGE_LOOP_ANALYSIS = YES;
				CLANG_WARN_STRICT_PROTOTYPES = YES;
				CLANG_WARN_SUSPICIOUS_MOVE = YES;
				CLANG_WARN_UNGUARDED_AVAILABILITY = YES_AGGRESSIVE;
				CLANG_WARN_UNREACHABLE_CODE = YES;
				CLANG_WARN__DUPLICATE_METHOD_MATCH = YES;
				COPY_PHASE_STRIP = NO;
				DEBUG_INFORMATION_FORMAT = "dwarf-with-dsym";
				ENABLE_NS_ASSERTIONS = NO;
				ENABLE_STRICT_OBJC_MSGSEND = YES;
				GCC_C_LANGUAGE_STANDARD = gnu11;
				GCC_NO_COMMON_BLOCKS = YES;
				GCC_WARN_64_TO_32_BIT_CONVERSION = YES;
				GCC_WARN_ABOUT_RETURN_TYPE = YES_ERROR;
				GCC_WARN_UNDECLARED_SELECTOR = YES;
				GCC_WARN_UNINITIALIZED_AUTOS = YES_AGGRESSIVE;
				GCC_WARN_UNUSED_FUNCTION = YES;
				GCC_WARN_UNUSED_VARIABLE = YES;
				IPHONEOS_DEPLOYMENT_TARGET = 15.4;
				MTL_ENABLE_DEBUG_INFO = NO;
				MTL_FAST_MATH = YES;
				SDKROOT = iphoneos;
				SWIFT_COMPILATION_MODE = wholemodule;
				SWIFT_OPTIMIZATION_LEVEL = "-O";
				VALIDATE_PRODUCT = YES;
			};
			name = Release;
		};
		FA8A56B928078133001F8020 /* Debug */ = {
			isa = XCBuildConfiguration;
			buildSettings = {
				ASSETCATALOG_COMPILER_APPICON_NAME = AppIcon;
				ASSETCATALOG_COMPILER_GLOBAL_ACCENT_COLOR_NAME = AccentColor;
				CODE_SIGN_STYLE = Automatic;
				CURRENT_PROJECT_VERSION = 1;
				DEVELOPMENT_ASSET_PATHS = "\"Clock/Preview Content\"";
				ENABLE_PREVIEWS = YES;
				GENERATE_INFOPLIST_FILE = YES;
				INFOPLIST_KEY_UIApplicationSceneManifest_Generation = YES;
				INFOPLIST_KEY_UIApplicationSupportsIndirectInputEvents = YES;
				INFOPLIST_KEY_UILaunchScreen_Generation = YES;
				INFOPLIST_KEY_UISupportedInterfaceOrientations_iPad = "UIInterfaceOrientationPortrait UIInterfaceOrientationPortraitUpsideDown UIInterfaceOrientationLandscapeLeft UIInterfaceOrientationLandscapeRight";
				INFOPLIST_KEY_UISupportedInterfaceOrientations_iPhone = "UIInterfaceOrientationPortrait UIInterfaceOrientationLandscapeLeft UIInterfaceOrientationLandscapeRight";
				LD_RUNPATH_SEARCH_PATHS = (
					"$(inherited)",
					"@executable_path/Frameworks",
				);
				MARKETING_VERSION = 1.0;
				PRODUCT_BUNDLE_IDENTIFIER = macbook.Clock;
				PRODUCT_NAME = "$(TARGET_NAME)";
				SWIFT_EMIT_LOC_STRINGS = YES;
				SWIFT_VERSION = 5.0;
				TARGETED_DEVICE_FAMILY = "1,2";
			};
			name = Debug;
		};
		FA8A56BA28078133001F8020 /* Release */ = {
			isa = XCBuildConfiguration;
			buildSettings = {
				ASSETCATALOG_COMPILER_APPICON_NAME = AppIcon;
				ASSETCATALOG_COMPILER_GLOBAL_ACCENT_COLOR_NAME = AccentColor;
				CODE_SIGN_STYLE = Automatic;
				CURRENT_PROJECT_VERSION = 1;
				DEVELOPMENT_ASSET_PATHS = "\"Clock/Preview Content\"";
				ENABLE_PREVIEWS = YES;
				GENERATE_INFOPLIST_FILE = YES;
				INFOPLIST_KEY_UIApplicationSceneManifest_Generation = YES;
				INFOPLIST_KEY_UIApplicationSupportsIndirectInputEvents = YES;
				INFOPLIST_KEY_UILaunchScreen_Generation = YES;
				INFOPLIST_KEY_UISupportedInterfaceOrientations_iPad = "UIInterfaceOrientationPortrait UIInterfaceOrientationPortraitUpsideDown UIInterfaceOrientationLandscapeLeft UIInterfaceOrientationLandscapeRight";
				INFOPLIST_KEY_UISupportedInterfaceOrientations_iPhone = "UIInterfaceOrientationPortrait UIInterfaceOrientationLandscapeLeft UIInterfaceOrientationLandscapeRight";
				LD_RUNPATH_SEARCH_PATHS = (
					"$(inherited)",
					"@executable_path/Frameworks",
				);
				MARKETING_VERSION = 1.0;
				PRODUCT_BUNDLE_IDENTIFIER = macbook.Clock;
				PRODUCT_NAME = "$(TARGET_NAME)";
				SWIFT_EMIT_LOC_STRINGS = YES;
				SWIFT_VERSION = 5.0;
				TARGETED_DEVICE_FAMILY = "1,2";
			};
			name = Release;
		};
/* End XCBuildConfiguration section */

/* Begin XCConfigurationList section */
		FA8A56A528078131001F8020 /* Build configuration list for PBXProject "Clock" */ = {
			isa = XCConfigurationList;
			buildConfigurations = (
				FA8A56B628078133001F8020 /* Debug */,
				FA8A56B728078133001F8020 /* Release */,
			);
			defaultConfigurationIsVisible = 0;
			defaultConfigurationName = Release;
		};
		FA8A56B828078133001F8020 /* Build configuration list for PBXNativeTarget "Clock" */ = {
			isa = XCConfigurationList;
			buildConfigurations = (
				FA8A56B928078133001F8020 /* Debug */,
				FA8A56BA28078133001F8020 /* Release */,
			);
			defaultConfigurationIsVisible = 0;
			defaultConfigurationName = Release;
		};
/* End XCConfigurationList section */
	};
	rootObject = FA8A56A228078131001F8020 /* Project object */;
}
